// !$*UTF8*$!
{
	archiveVersion = 1;
	classes = {
	};
	objectVersion = 56;
	objects = {

/* Begin PBXBuildFile section */
		3660B7912BAB5A3700766221 /* AppDelegate.swift in Sources */ = {isa = PBXBuildFile; fileRef = 3660B7902BAB5A3700766221 /* AppDelegate.swift */; };
		3660B7932BAB5A3700766221 /* SceneDelegate.swift in Sources */ = {isa = PBXBuildFile; fileRef = 3660B7922BAB5A3700766221 /* SceneDelegate.swift */; };
		3660B7982BAB5A3700766221 /* Main.storyboard in Resources */ = {isa = PBXBuildFile; fileRef = 3660B7962BAB5A3700766221 /* Main.storyboard */; };
		3660B79B2BAB5A3700766221 /* DNDCC.xcdatamodeld in Sources */ = {isa = PBXBuildFile; fileRef = 3660B7992BAB5A3700766221 /* DNDCC.xcdatamodeld */; };
		3660B79D2BAB5A3900766221 /* Assets.xcassets in Resources */ = {isa = PBXBuildFile; fileRef = 3660B79C2BAB5A3900766221 /* Assets.xcassets */; };
		3660B7A02BAB5A3900766221 /* LaunchScreen.storyboard in Resources */ = {isa = PBXBuildFile; fileRef = 3660B79E2BAB5A3900766221 /* LaunchScreen.storyboard */; };
		36C8903A2BC03E5E007D5EEB /* CreateVC.swift in Sources */ = {isa = PBXBuildFile; fileRef = 36C890392BC03E5E007D5EEB /* CreateVC.swift */; };
		36C8903C2BC03E96007D5EEB /* CharacterTVC.swift in Sources */ = {isa = PBXBuildFile; fileRef = 36C8903B2BC03E96007D5EEB /* CharacterTVC.swift */; };
		36C8903E2BC03ECC007D5EEB /* ViewVC.swift in Sources */ = {isa = PBXBuildFile; fileRef = 36C8903D2BC03ECC007D5EEB /* ViewVC.swift */; };
		36C890402BC03EE9007D5EEB /* StatVC.swift in Sources */ = {isa = PBXBuildFile; fileRef = 36C8903F2BC03EE9007D5EEB /* StatVC.swift */; };
		36C890422BC03F0E007D5EEB /* ProficienciesVC.swift in Sources */ = {isa = PBXBuildFile; fileRef = 36C890412BC03F0E007D5EEB /* ProficienciesVC.swift */; };
		36EA79F62BBB303C0042E534 /* RaceDetailsVC.swift in Sources */ = {isa = PBXBuildFile; fileRef = 36EA79F52BBB303C0042E534 /* RaceDetailsVC.swift */; };
		36EA79F82BBB305B0042E534 /* ClassDetailsVC.swift in Sources */ = {isa = PBXBuildFile; fileRef = 36EA79F72BBB305B0042E534 /* ClassDetailsVC.swift */; };
		36EA79FC2BBB31CE0042E534 /* FeatsTVC.swift in Sources */ = {isa = PBXBuildFile; fileRef = 36EA79FB2BBB31CE0042E534 /* FeatsTVC.swift */; };
		36F3707B2BACA74D002DCC99 /* homeVC.swift in Sources */ = {isa = PBXBuildFile; fileRef = 36F3707A2BACA74D002DCC99 /* homeVC.swift */; };
		36F3707D2BACA7DB002DCC99 /* InfoVC.swift in Sources */ = {isa = PBXBuildFile; fileRef = 36F3707C2BACA7DB002DCC99 /* InfoVC.swift */; };
		36F370872BACAAD8002DCC99 /* RaceTVC.swift in Sources */ = {isa = PBXBuildFile; fileRef = 36F370862BACAAD8002DCC99 /* RaceTVC.swift */; };
		36F370892BACAAE6002DCC99 /* ClassTVC.swift in Sources */ = {isa = PBXBuildFile; fileRef = 36F370882BACAAE6002DCC99 /* ClassTVC.swift */; };
		36F3708B2BACAB03002DCC99 /* SpellsTVC.swift in Sources */ = {isa = PBXBuildFile; fileRef = 36F3708A2BACAB03002DCC99 /* SpellsTVC.swift */; };
		36F3708D2BACABCD002DCC99 /* ItemsTVC.swift in Sources */ = {isa = PBXBuildFile; fileRef = 36F3708C2BACABCD002DCC99 /* ItemsTVC.swift */; };
		42A4FEDE2BD047AA00171331 /* SubclassObject.swift in Sources */ = {isa = PBXBuildFile; fileRef = 42A4FED02BD047A900171331 /* SubclassObject.swift */; };
		42A4FEDF2BD047AA00171331 /* SpellObject.swift in Sources */ = {isa = PBXBuildFile; fileRef = 42A4FED12BD047A900171331 /* SpellObject.swift */; };
		42A4FEE02BD047AA00171331 /* ClassObject.swift in Sources */ = {isa = PBXBuildFile; fileRef = 42A4FED22BD047A900171331 /* ClassObject.swift */; };
		42A4FEE12BD047AA00171331 /* CharacterObject.swift in Sources */ = {isa = PBXBuildFile; fileRef = 42A4FED32BD047A900171331 /* CharacterObject.swift */; };
		42A4FEE22BD047AA00171331 /* ProficiencyObject.swift in Sources */ = {isa = PBXBuildFile; fileRef = 42A4FED42BD047A900171331 /* ProficiencyObject.swift */; };
		42A4FEE32BD047AA00171331 /* ItemObject.swift in Sources */ = {isa = PBXBuildFile; fileRef = 42A4FED52BD047A900171331 /* ItemObject.swift */; };
		42A4FEE42BD047AA00171331 /* BackgroundObject.swift in Sources */ = {isa = PBXBuildFile; fileRef = 42A4FED62BD047A900171331 /* BackgroundObject.swift */; };
		42A4FEE52BD047AA00171331 /* WeaponObject.swift in Sources */ = {isa = PBXBuildFile; fileRef = 42A4FED82BD047A900171331 /* WeaponObject.swift */; };
		42A4FEE62BD047AA00171331 /* MiscObject.swift in Sources */ = {isa = PBXBuildFile; fileRef = 42A4FED92BD047A900171331 /* MiscObject.swift */; };
		42A4FEE72BD047AA00171331 /* MagicItemObject.swift in Sources */ = {isa = PBXBuildFile; fileRef = 42A4FEDA2BD047A900171331 /* MagicItemObject.swift */; };
		42A4FEE82BD047AA00171331 /* ArmorObject.swift in Sources */ = {isa = PBXBuildFile; fileRef = 42A4FEDB2BD047A900171331 /* ArmorObject.swift */; };
		42A4FEE92BD047AA00171331 /* SubraceObject.swift in Sources */ = {isa = PBXBuildFile; fileRef = 42A4FEDC2BD047A900171331 /* SubraceObject.swift */; };
		42A4FEEA2BD047AA00171331 /* RaceObject.swift in Sources */ = {isa = PBXBuildFile; fileRef = 42A4FEDD2BD047A900171331 /* RaceObject.swift */; };
/* End PBXBuildFile section */

/* Begin PBXFileReference section */
		3660B78D2BAB5A3700766221 /* DNDCC.app */ = {isa = PBXFileReference; explicitFileType = wrapper.application; includeInIndex = 0; path = DNDCC.app; sourceTree = BUILT_PRODUCTS_DIR; };
		3660B7902BAB5A3700766221 /* AppDelegate.swift */ = {isa = PBXFileReference; lastKnownFileType = sourcecode.swift; path = AppDelegate.swift; sourceTree = "<group>"; };
		3660B7922BAB5A3700766221 /* SceneDelegate.swift */ = {isa = PBXFileReference; lastKnownFileType = sourcecode.swift; path = SceneDelegate.swift; sourceTree = "<group>"; };
		3660B7972BAB5A3700766221 /* Base */ = {isa = PBXFileReference; lastKnownFileType = file.storyboard; name = Base; path = Base.lproj/Main.storyboard; sourceTree = "<group>"; };
		3660B79A2BAB5A3700766221 /* DNDCC.xcdatamodel */ = {isa = PBXFileReference; lastKnownFileType = wrapper.xcdatamodel; path = DNDCC.xcdatamodel; sourceTree = "<group>"; };
		3660B79C2BAB5A3900766221 /* Assets.xcassets */ = {isa = PBXFileReference; lastKnownFileType = folder.assetcatalog; path = Assets.xcassets; sourceTree = "<group>"; };
		3660B79F2BAB5A3900766221 /* Base */ = {isa = PBXFileReference; lastKnownFileType = file.storyboard; name = Base; path = Base.lproj/LaunchScreen.storyboard; sourceTree = "<group>"; };
		3660B7A12BAB5A3900766221 /* Info.plist */ = {isa = PBXFileReference; lastKnownFileType = text.plist.xml; path = Info.plist; sourceTree = "<group>"; };
		36C890392BC03E5E007D5EEB /* CreateVC.swift */ = {isa = PBXFileReference; lastKnownFileType = sourcecode.swift; path = CreateVC.swift; sourceTree = "<group>"; };
		36C8903B2BC03E96007D5EEB /* CharacterTVC.swift */ = {isa = PBXFileReference; lastKnownFileType = sourcecode.swift; path = CharacterTVC.swift; sourceTree = "<group>"; };
		36C8903D2BC03ECC007D5EEB /* ViewVC.swift */ = {isa = PBXFileReference; lastKnownFileType = sourcecode.swift; path = ViewVC.swift; sourceTree = "<group>"; };
		36C8903F2BC03EE9007D5EEB /* StatVC.swift */ = {isa = PBXFileReference; lastKnownFileType = sourcecode.swift; path = StatVC.swift; sourceTree = "<group>"; };
		36C890412BC03F0E007D5EEB /* ProficienciesVC.swift */ = {isa = PBXFileReference; lastKnownFileType = sourcecode.swift; path = ProficienciesVC.swift; sourceTree = "<group>"; };
		36EA79F52BBB303C0042E534 /* RaceDetailsVC.swift */ = {isa = PBXFileReference; lastKnownFileType = sourcecode.swift; path = RaceDetailsVC.swift; sourceTree = "<group>"; };
		36EA79F72BBB305B0042E534 /* ClassDetailsVC.swift */ = {isa = PBXFileReference; lastKnownFileType = sourcecode.swift; path = ClassDetailsVC.swift; sourceTree = "<group>"; };
		36EA79FB2BBB31CE0042E534 /* FeatsTVC.swift */ = {isa = PBXFileReference; lastKnownFileType = sourcecode.swift; path = FeatsTVC.swift; sourceTree = "<group>"; };
		36F3707A2BACA74D002DCC99 /* homeVC.swift */ = {isa = PBXFileReference; lastKnownFileType = sourcecode.swift; path = homeVC.swift; sourceTree = "<group>"; };
		36F3707C2BACA7DB002DCC99 /* InfoVC.swift */ = {isa = PBXFileReference; lastKnownFileType = sourcecode.swift; path = InfoVC.swift; sourceTree = "<group>"; };
		36F370862BACAAD8002DCC99 /* RaceTVC.swift */ = {isa = PBXFileReference; lastKnownFileType = sourcecode.swift; path = RaceTVC.swift; sourceTree = "<group>"; };
		36F370882BACAAE6002DCC99 /* ClassTVC.swift */ = {isa = PBXFileReference; lastKnownFileType = sourcecode.swift; path = ClassTVC.swift; sourceTree = "<group>"; };
		36F3708A2BACAB03002DCC99 /* SpellsTVC.swift */ = {isa = PBXFileReference; lastKnownFileType = sourcecode.swift; path = SpellsTVC.swift; sourceTree = "<group>"; };
		36F3708C2BACABCD002DCC99 /* ItemsTVC.swift */ = {isa = PBXFileReference; lastKnownFileType = sourcecode.swift; path = ItemsTVC.swift; sourceTree = "<group>"; };
		42A4FED02BD047A900171331 /* SubclassObject.swift */ = {isa = PBXFileReference; fileEncoding = 4; lastKnownFileType = sourcecode.swift; path = SubclassObject.swift; sourceTree = "<group>"; };
		42A4FED12BD047A900171331 /* SpellObject.swift */ = {isa = PBXFileReference; fileEncoding = 4; lastKnownFileType = sourcecode.swift; path = SpellObject.swift; sourceTree = "<group>"; };
		42A4FED22BD047A900171331 /* ClassObject.swift */ = {isa = PBXFileReference; fileEncoding = 4; lastKnownFileType = sourcecode.swift; path = ClassObject.swift; sourceTree = "<group>"; };
		42A4FED32BD047A900171331 /* CharacterObject.swift */ = {isa = PBXFileReference; fileEncoding = 4; lastKnownFileType = sourcecode.swift; path = CharacterObject.swift; sourceTree = "<group>"; };
		42A4FED42BD047A900171331 /* ProficiencyObject.swift */ = {isa = PBXFileReference; fileEncoding = 4; lastKnownFileType = sourcecode.swift; path = ProficiencyObject.swift; sourceTree = "<group>"; };
		42A4FED52BD047A900171331 /* ItemObject.swift */ = {isa = PBXFileReference; fileEncoding = 4; lastKnownFileType = sourcecode.swift; path = ItemObject.swift; sourceTree = "<group>"; };
		42A4FED62BD047A900171331 /* BackgroundObject.swift */ = {isa = PBXFileReference; fileEncoding = 4; lastKnownFileType = sourcecode.swift; path = BackgroundObject.swift; sourceTree = "<group>"; };
		42A4FED82BD047A900171331 /* WeaponObject.swift */ = {isa = PBXFileReference; fileEncoding = 4; lastKnownFileType = sourcecode.swift; path = WeaponObject.swift; sourceTree = "<group>"; };
		42A4FED92BD047A900171331 /* MiscObject.swift */ = {isa = PBXFileReference; fileEncoding = 4; lastKnownFileType = sourcecode.swift; path = MiscObject.swift; sourceTree = "<group>"; };
		42A4FEDA2BD047A900171331 /* MagicItemObject.swift */ = {isa = PBXFileReference; fileEncoding = 4; lastKnownFileType = sourcecode.swift; path = MagicItemObject.swift; sourceTree = "<group>"; };
		42A4FEDB2BD047A900171331 /* ArmorObject.swift */ = {isa = PBXFileReference; fileEncoding = 4; lastKnownFileType = sourcecode.swift; path = ArmorObject.swift; sourceTree = "<group>"; };
		42A4FEDC2BD047A900171331 /* SubraceObject.swift */ = {isa = PBXFileReference; fileEncoding = 4; lastKnownFileType = sourcecode.swift; path = SubraceObject.swift; sourceTree = "<group>"; };
		42A4FEDD2BD047A900171331 /* RaceObject.swift */ = {isa = PBXFileReference; fileEncoding = 4; lastKnownFileType = sourcecode.swift; path = RaceObject.swift; sourceTree = "<group>"; };
/* End PBXFileReference section */

/* Begin PBXFrameworksBuildPhase section */
		3660B78A2BAB5A3700766221 /* Frameworks */ = {
			isa = PBXFrameworksBuildPhase;
			buildActionMask = 2147483647;
			files = (
			);
			runOnlyForDeploymentPostprocessing = 0;
		};
/* End PBXFrameworksBuildPhase section */

/* Begin PBXGroup section */
		3660B7842BAB5A3700766221 = {
			isa = PBXGroup;
			children = (
				3660B78F2BAB5A3700766221 /* DNDCC */,
				3660B78E2BAB5A3700766221 /* Products */,
			);
			sourceTree = "<group>";
		};
		3660B78E2BAB5A3700766221 /* Products */ = {
			isa = PBXGroup;
			children = (
				3660B78D2BAB5A3700766221 /* DNDCC.app */,
			);
			name = Products;
			sourceTree = "<group>";
		};
		3660B78F2BAB5A3700766221 /* DNDCC */ = {
			isa = PBXGroup;
			children = (
				36C8903B2BC03E96007D5EEB /* CharacterTVC.swift */,
				36C890392BC03E5E007D5EEB /* CreateVC.swift */,
				36C8903F2BC03EE9007D5EEB /* StatVC.swift */,
				36C890412BC03F0E007D5EEB /* ProficienciesVC.swift */,
				36C8903D2BC03ECC007D5EEB /* ViewVC.swift */,
				36F3707C2BACA7DB002DCC99 /* InfoVC.swift */,
				36F370862BACAAD8002DCC99 /* RaceTVC.swift */,
				36EA79F52BBB303C0042E534 /* RaceDetailsVC.swift */,
				36F370882BACAAE6002DCC99 /* ClassTVC.swift */,
				36EA79F72BBB305B0042E534 /* ClassDetailsVC.swift */,
				36F3708A2BACAB03002DCC99 /* SpellsTVC.swift */,
				36F3708C2BACABCD002DCC99 /* ItemsTVC.swift */,
				36EA79FB2BBB31CE0042E534 /* FeatsTVC.swift */,
				42A4FECF2BD047A900171331 /* Objects */,
				3660B7902BAB5A3700766221 /* AppDelegate.swift */,
				3660B7922BAB5A3700766221 /* SceneDelegate.swift */,
				3660B7962BAB5A3700766221 /* Main.storyboard */,
				3660B79C2BAB5A3900766221 /* Assets.xcassets */,
				3660B79E2BAB5A3900766221 /* LaunchScreen.storyboard */,
				3660B7A12BAB5A3900766221 /* Info.plist */,
				3660B7992BAB5A3700766221 /* DNDCC.xcdatamodeld */,
				36F3707A2BACA74D002DCC99 /* homeVC.swift */,
			);
			path = DNDCC;
			sourceTree = "<group>";
		};
		42A4FECF2BD047A900171331 /* Objects */ = {
			isa = PBXGroup;
			children = (
				42A4FED02BD047A900171331 /* SubclassObject.swift */,
				42A4FED12BD047A900171331 /* SpellObject.swift */,
				42A4FED22BD047A900171331 /* ClassObject.swift */,
				42A4FED32BD047A900171331 /* CharacterObject.swift */,
				42A4FED42BD047A900171331 /* ProficiencyObject.swift */,
				42A4FED52BD047A900171331 /* ItemObject.swift */,
				42A4FED62BD047A900171331 /* BackgroundObject.swift */,
				42A4FED72BD047A900171331 /* itemTypes */,
				42A4FEDC2BD047A900171331 /* SubraceObject.swift */,
				42A4FEDD2BD047A900171331 /* RaceObject.swift */,
			);
			name = Objects;
			path = ../../../../Desktop/DNDCC/DNDCC/Objects;
			sourceTree = "<group>";
		};
		42A4FED72BD047A900171331 /* itemTypes */ = {
			isa = PBXGroup;
			children = (
				42A4FED82BD047A900171331 /* WeaponObject.swift */,
				42A4FED92BD047A900171331 /* MiscObject.swift */,
				42A4FEDA2BD047A900171331 /* MagicItemObject.swift */,
				42A4FEDB2BD047A900171331 /* ArmorObject.swift */,
			);
			path = itemTypes;
			sourceTree = "<group>";
		};
/* End PBXGroup section */

/* Begin PBXNativeTarget section */
		3660B78C2BAB5A3700766221 /* DNDCC */ = {
			isa = PBXNativeTarget;
			buildConfigurationList = 3660B7A42BAB5A3900766221 /* Build configuration list for PBXNativeTarget "DNDCC" */;
			buildPhases = (
				3660B7892BAB5A3700766221 /* Sources */,
				3660B78A2BAB5A3700766221 /* Frameworks */,
				3660B78B2BAB5A3700766221 /* Resources */,
			);
			buildRules = (
			);
			dependencies = (
			);
			name = DNDCC;
			productName = DNDCC;
			productReference = 3660B78D2BAB5A3700766221 /* DNDCC.app */;
			productType = "com.apple.product-type.application";
		};
/* End PBXNativeTarget section */

/* Begin PBXProject section */
		3660B7852BAB5A3700766221 /* Project object */ = {
			isa = PBXProject;
			attributes = {
				BuildIndependentTargetsInParallel = 1;
				LastSwiftUpdateCheck = 1430;
				LastUpgradeCheck = 1430;
				TargetAttributes = {
					3660B78C2BAB5A3700766221 = {
						CreatedOnToolsVersion = 14.3.1;
					};
				};
			};
			buildConfigurationList = 3660B7882BAB5A3700766221 /* Build configuration list for PBXProject "DNDCC" */;
			compatibilityVersion = "Xcode 14.0";
			developmentRegion = en;
			hasScannedForEncodings = 0;
			knownRegions = (
				en,
				Base,
			);
			mainGroup = 3660B7842BAB5A3700766221;
			productRefGroup = 3660B78E2BAB5A3700766221 /* Products */;
			projectDirPath = "";
			projectRoot = "";
			targets = (
				3660B78C2BAB5A3700766221 /* DNDCC */,
			);
		};
/* End PBXProject section */

/* Begin PBXResourcesBuildPhase section */
		3660B78B2BAB5A3700766221 /* Resources */ = {
			isa = PBXResourcesBuildPhase;
			buildActionMask = 2147483647;
			files = (
				3660B7A02BAB5A3900766221 /* LaunchScreen.storyboard in Resources */,
				3660B79D2BAB5A3900766221 /* Assets.xcassets in Resources */,
				3660B7982BAB5A3700766221 /* Main.storyboard in Resources */,
			);
			runOnlyForDeploymentPostprocessing = 0;
		};
/* End PBXResourcesBuildPhase section */

/* Begin PBXSourcesBuildPhase section */
		3660B7892BAB5A3700766221 /* Sources */ = {
			isa = PBXSourcesBuildPhase;
			buildActionMask = 2147483647;
			files = (
				42A4FEE82BD047AA00171331 /* ArmorObject.swift in Sources */,
				3660B7912BAB5A3700766221 /* AppDelegate.swift in Sources */,
				36F3708B2BACAB03002DCC99 /* SpellsTVC.swift in Sources */,
				36C8903C2BC03E96007D5EEB /* CharacterTVC.swift in Sources */,
				36C890422BC03F0E007D5EEB /* ProficienciesVC.swift in Sources */,
				36F3707B2BACA74D002DCC99 /* homeVC.swift in Sources */,
				42A4FEE92BD047AA00171331 /* SubraceObject.swift in Sources */,
				42A4FEE42BD047AA00171331 /* BackgroundObject.swift in Sources */,
				3660B79B2BAB5A3700766221 /* DNDCC.xcdatamodeld in Sources */,
				42A4FEE12BD047AA00171331 /* CharacterObject.swift in Sources */,
				42A4FEE02BD047AA00171331 /* ClassObject.swift in Sources */,
				42A4FEE52BD047AA00171331 /* WeaponObject.swift in Sources */,
				42A4FEE32BD047AA00171331 /* ItemObject.swift in Sources */,
				42A4FEE22BD047AA00171331 /* ProficiencyObject.swift in Sources */,
				42A4FEEA2BD047AA00171331 /* RaceObject.swift in Sources */,
				36F370872BACAAD8002DCC99 /* RaceTVC.swift in Sources */,
				36EA79F62BBB303C0042E534 /* RaceDetailsVC.swift in Sources */,
				36EA79FC2BBB31CE0042E534 /* FeatsTVC.swift in Sources */,
				42A4FEDF2BD047AA00171331 /* SpellObject.swift in Sources */,
				36C890402BC03EE9007D5EEB /* StatVC.swift in Sources */,
				36F3708D2BACABCD002DCC99 /* ItemsTVC.swift in Sources */,
				42A4FEE62BD047AA00171331 /* MiscObject.swift in Sources */,
				3660B7932BAB5A3700766221 /* SceneDelegate.swift in Sources */,
				36EA79F82BBB305B0042E534 /* ClassDetailsVC.swift in Sources */,
				36C8903A2BC03E5E007D5EEB /* CreateVC.swift in Sources */,
				36F370892BACAAE6002DCC99 /* ClassTVC.swift in Sources */,
				42A4FEDE2BD047AA00171331 /* SubclassObject.swift in Sources */,
				36F3707D2BACA7DB002DCC99 /* InfoVC.swift in Sources */,
				42A4FEE72BD047AA00171331 /* MagicItemObject.swift in Sources */,
				36C8903E2BC03ECC007D5EEB /* ViewVC.swift in Sources */,
			);
			runOnlyForDeploymentPostprocessing = 0;
		};
/* End PBXSourcesBuildPhase section */

/* Begin PBXVariantGroup section */
		3660B7962BAB5A3700766221 /* Main.storyboard */ = {
			isa = PBXVariantGroup;
			children = (
				3660B7972BAB5A3700766221 /* Base */,
			);
			name = Main.storyboard;
			sourceTree = "<group>";
		};
		3660B79E2BAB5A3900766221 /* LaunchScreen.storyboard */ = {
			isa = PBXVariantGroup;
			children = (
				3660B79F2BAB5A3900766221 /* Base */,
			);
			name = LaunchScreen.storyboard;
			sourceTree = "<group>";
		};
/* End PBXVariantGroup section */

/* Begin XCBuildConfiguration section */
		3660B7A22BAB5A3900766221 /* Debug */ = {
			isa = XCBuildConfiguration;
			buildSettings = {
				ALWAYS_SEARCH_USER_PATHS = NO;
				CLANG_ANALYZER_NONNULL = YES;
				CLANG_ANALYZER_NUMBER_OBJECT_CONVERSION = YES_AGGRESSIVE;
				CLANG_CXX_LANGUAGE_STANDARD = "gnu++20";
				CLANG_ENABLE_MODULES = YES;
				CLANG_ENABLE_OBJC_ARC = YES;
				CLANG_ENABLE_OBJC_WEAK = YES;
				CLANG_WARN_BLOCK_CAPTURE_AUTORELEASING = YES;
				CLANG_WARN_BOOL_CONVERSION = YES;
				CLANG_WARN_COMMA = YES;
				CLANG_WARN_CONSTANT_CONVERSION = YES;
				CLANG_WARN_DEPRECATED_OBJC_IMPLEMENTATIONS = YES;
				CLANG_WARN_DIRECT_OBJC_ISA_USAGE = YES_ERROR;
				CLANG_WARN_DOCUMENTATION_COMMENTS = YES;
				CLANG_WARN_EMPTY_BODY = YES;
				CLANG_WARN_ENUM_CONVERSION = YES;
				CLANG_WARN_INFINITE_RECURSION = YES;
				CLANG_WARN_INT_CONVERSION = YES;
				CLANG_WARN_NON_LITERAL_NULL_CONVERSION = YES;
				CLANG_WARN_OBJC_IMPLICIT_RETAIN_SELF = YES;
				CLANG_WARN_OBJC_LITERAL_CONVERSION = YES;
				CLANG_WARN_OBJC_ROOT_CLASS = YES_ERROR;
				CLANG_WARN_QUOTED_INCLUDE_IN_FRAMEWORK_HEADER = YES;
				CLANG_WARN_RANGE_LOOP_ANALYSIS = YES;
				CLANG_WARN_STRICT_PROTOTYPES = YES;
				CLANG_WARN_SUSPICIOUS_MOVE = YES;
				CLANG_WARN_UNGUARDED_AVAILABILITY = YES_AGGRESSIVE;
				CLANG_WARN_UNREACHABLE_CODE = YES;
				CLANG_WARN__DUPLICATE_METHOD_MATCH = YES;
				COPY_PHASE_STRIP = NO;
				DEBUG_INFORMATION_FORMAT = dwarf;
				ENABLE_STRICT_OBJC_MSGSEND = YES;
				ENABLE_TESTABILITY = YES;
				GCC_C_LANGUAGE_STANDARD = gnu11;
				GCC_DYNAMIC_NO_PIC = NO;
				GCC_NO_COMMON_BLOCKS = YES;
				GCC_OPTIMIZATION_LEVEL = 0;
				GCC_PREPROCESSOR_DEFINITIONS = (
					"DEBUG=1",
					"$(inherited)",
				);
				GCC_WARN_64_TO_32_BIT_CONVERSION = YES;
				GCC_WARN_ABOUT_RETURN_TYPE = YES_ERROR;
				GCC_WARN_UNDECLARED_SELECTOR = YES;
				GCC_WARN_UNINITIALIZED_AUTOS = YES_AGGRESSIVE;
				GCC_WARN_UNUSED_FUNCTION = YES;
				GCC_WARN_UNUSED_VARIABLE = YES;
				IPHONEOS_DEPLOYMENT_TARGET = 16.4;
				MTL_ENABLE_DEBUG_INFO = INCLUDE_SOURCE;
				MTL_FAST_MATH = YES;
				ONLY_ACTIVE_ARCH = YES;
				SDKROOT = iphoneos;
				SWIFT_ACTIVE_COMPILATION_CONDITIONS = DEBUG;
				SWIFT_OPTIMIZATION_LEVEL = "-Onone";
			};
			name = Debug;
		};
		3660B7A32BAB5A3900766221 /* Release */ = {
			isa = XCBuildConfiguration;
			buildSettings = {
				ALWAYS_SEARCH_USER_PATHS = NO;
				CLANG_ANALYZER_NONNULL = YES;
				CLANG_ANALYZER_NUMBER_OBJECT_CONVERSION = YES_AGGRESSIVE;
				CLANG_CXX_LANGUAGE_STANDARD = "gnu++20";
				CLANG_ENABLE_MODULES = YES;
				CLANG_ENABLE_OBJC_ARC = YES;
				CLANG_ENABLE_OBJC_WEAK = YES;
				CLANG_WARN_BLOCK_CAPTURE_AUTORELEASING = YES;
				CLANG_WARN_BOOL_CONVERSION = YES;
				CLANG_WARN_COMMA = YES;
				CLANG_WARN_CONSTANT_CONVERSION = YES;
				CLANG_WARN_DEPRECATED_OBJC_IMPLEMENTATIONS = YES;
				CLANG_WARN_DIRECT_OBJC_ISA_USAGE = YES_ERROR;
				CLANG_WARN_DOCUMENTATION_COMMENTS = YES;
				CLANG_WARN_EMPTY_BODY = YES;
				CLANG_WARN_ENUM_CONVERSION = YES;
				CLANG_WARN_INFINITE_RECURSION = YES;
				CLANG_WARN_INT_CONVERSION = YES;
				CLANG_WARN_NON_LITERAL_NULL_CONVERSION = YES;
				CLANG_WARN_OBJC_IMPLICIT_RETAIN_SELF = YES;
				CLANG_WARN_OBJC_LITERAL_CONVERSION = YES;
				CLANG_WARN_OBJC_ROOT_CLASS = YES_ERROR;
				CLANG_WARN_QUOTED_INCLUDE_IN_FRAMEWORK_HEADER = YES;
				CLANG_WARN_RANGE_LOOP_ANALYSIS = YES;
				CLANG_WARN_STRICT_PROTOTYPES = YES;
				CLANG_WARN_SUSPICIOUS_MOVE = YES;
				CLANG_WARN_UNGUARDED_AVAILABILITY = YES_AGGRESSIVE;
				CLANG_WARN_UNREACHABLE_CODE = YES;
				CLANG_WARN__DUPLICATE_METHOD_MATCH = YES;
				COPY_PHASE_STRIP = NO;
				DEBUG_INFORMATION_FORMAT = "dwarf-with-dsym";
				ENABLE_NS_ASSERTIONS = NO;
				ENABLE_STRICT_OBJC_MSGSEND = YES;
				GCC_C_LANGUAGE_STANDARD = gnu11;
				GCC_NO_COMMON_BLOCKS = YES;
				GCC_WARN_64_TO_32_BIT_CONVERSION = YES;
				GCC_WARN_ABOUT_RETURN_TYPE = YES_ERROR;
				GCC_WARN_UNDECLARED_SELECTOR = YES;
				GCC_WARN_UNINITIALIZED_AUTOS = YES_AGGRESSIVE;
				GCC_WARN_UNUSED_FUNCTION = YES;
				GCC_WARN_UNUSED_VARIABLE = YES;
				IPHONEOS_DEPLOYMENT_TARGET = 16.4;
				MTL_ENABLE_DEBUG_INFO = NO;
				MTL_FAST_MATH = YES;
				SDKROOT = iphoneos;
				SWIFT_COMPILATION_MODE = wholemodule;
				SWIFT_OPTIMIZATION_LEVEL = "-O";
				VALIDATE_PRODUCT = YES;
			};
			name = Release;
		};
		3660B7A52BAB5A3900766221 /* Debug */ = {
			isa = XCBuildConfiguration;
			buildSettings = {
				ASSETCATALOG_COMPILER_APPICON_NAME = AppIcon;
				ASSETCATALOG_COMPILER_GLOBAL_ACCENT_COLOR_NAME = AccentColor;
				CODE_SIGN_STYLE = Automatic;
				CURRENT_PROJECT_VERSION = 1;
				GENERATE_INFOPLIST_FILE = YES;
				INFOPLIST_FILE = DNDCC/Info.plist;
				INFOPLIST_KEY_UIApplicationSupportsIndirectInputEvents = YES;
				INFOPLIST_KEY_UILaunchStoryboardName = LaunchScreen;
				INFOPLIST_KEY_UIMainStoryboardFile = Main;
				INFOPLIST_KEY_UISupportedInterfaceOrientations = "UIInterfaceOrientationPortrait UIInterfaceOrientationPortraitUpsideDown";
				INFOPLIST_KEY_UISupportedInterfaceOrientations_iPad = UIInterfaceOrientationPortrait;
				LD_RUNPATH_SEARCH_PATHS = (
					"$(inherited)",
					"@executable_path/Frameworks",
				);
				MARKETING_VERSION = 1.0;
				PRODUCT_BUNDLE_IDENTIFIER = com.jonesclass.hyatt.DNDCC;
				PRODUCT_NAME = "$(TARGET_NAME)";
				SWIFT_EMIT_LOC_STRINGS = YES;
				SWIFT_VERSION = 5.0;
				TARGETED_DEVICE_FAMILY = "1,2";
			};
			name = Debug;
		};
		3660B7A62BAB5A3900766221 /* Release */ = {
			isa = XCBuildConfiguration;
			buildSettings = {
				ASSETCATALOG_COMPILER_APPICON_NAME = AppIcon;
				ASSETCATALOG_COMPILER_GLOBAL_ACCENT_COLOR_NAME = AccentColor;
				CODE_SIGN_STYLE = Automatic;
				CURRENT_PROJECT_VERSION = 1;
				GENERATE_INFOPLIST_FILE = YES;
				INFOPLIST_FILE = DNDCC/Info.plist;
				INFOPLIST_KEY_UIApplicationSupportsIndirectInputEvents = YES;
				INFOPLIST_KEY_UILaunchStoryboardName = LaunchScreen;
				INFOPLIST_KEY_UIMainStoryboardFile = Main;
				INFOPLIST_KEY_UISupportedInterfaceOrientations = "UIInterfaceOrientationPortrait UIInterfaceOrientationPortraitUpsideDown";
				INFOPLIST_KEY_UISupportedInterfaceOrientations_iPad = UIInterfaceOrientationPortrait;
				LD_RUNPATH_SEARCH_PATHS = (
					"$(inherited)",
					"@executable_path/Frameworks",
				);
				MARKETING_VERSION = 1.0;
				PRODUCT_BUNDLE_IDENTIFIER = com.jonesclass.hyatt.DNDCC;
				PRODUCT_NAME = "$(TARGET_NAME)";
				SWIFT_EMIT_LOC_STRINGS = YES;
				SWIFT_VERSION = 5.0;
				TARGETED_DEVICE_FAMILY = "1,2";
			};
			name = Release;
		};
/* End XCBuildConfiguration section */

/* Begin XCConfigurationList section */
		3660B7882BAB5A3700766221 /* Build configuration list for PBXProject "DNDCC" */ = {
			isa = XCConfigurationList;
			buildConfigurations = (
				3660B7A22BAB5A3900766221 /* Debug */,
				3660B7A32BAB5A3900766221 /* Release */,
			);
			defaultConfigurationIsVisible = 0;
			defaultConfigurationName = Release;
		};
		3660B7A42BAB5A3900766221 /* Build configuration list for PBXNativeTarget "DNDCC" */ = {
			isa = XCConfigurationList;
			buildConfigurations = (
				3660B7A52BAB5A3900766221 /* Debug */,
				3660B7A62BAB5A3900766221 /* Release */,
			);
			defaultConfigurationIsVisible = 0;
			defaultConfigurationName = Release;
		};
/* End XCConfigurationList section */

/* Begin XCVersionGroup section */
		3660B7992BAB5A3700766221 /* DNDCC.xcdatamodeld */ = {
			isa = XCVersionGroup;
			children = (
				3660B79A2BAB5A3700766221 /* DNDCC.xcdatamodel */,
			);
			currentVersion = 3660B79A2BAB5A3700766221 /* DNDCC.xcdatamodel */;
			path = DNDCC.xcdatamodeld;
			sourceTree = "<group>";
			versionGroupType = wrapper.xcdatamodel;
		};
/* End XCVersionGroup section */
	};
	rootObject = 3660B7852BAB5A3700766221 /* Project object */;
}
