// !$*UTF8*$!
{
	archiveVersion = 1;
	classes = {
	};
	objectVersion = 56;
	objects = {

/* Begin PBXBuildFile section */
		3660B7912BAB5A3700766221 /* AppDelegate.swift in Sources */ = {isa = PBXBuildFile; fileRef = 3660B7902BAB5A3700766221 /* AppDelegate.swift */; };
		3660B7932BAB5A3700766221 /* SceneDelegate.swift in Sources */ = {isa = PBXBuildFile; fileRef = 3660B7922BAB5A3700766221 /* SceneDelegate.swift */; };
		3660B7982BAB5A3700766221 /* Main.storyboard in Resources */ = {isa = PBXBuildFile; fileRef = 3660B7962BAB5A3700766221 /* Main.storyboard */; };
		3660B79B2BAB5A3700766221 /* DNDCC.xcdatamodeld in Sources */ = {isa = PBXBuildFile; fileRef = 3660B7992BAB5A3700766221 /* DNDCC.xcdatamodeld */; };
		3660B79D2BAB5A3900766221 /* Assets.xcassets in Resources */ = {isa = PBXBuildFile; fileRef = 3660B79C2BAB5A3900766221 /* Assets.xcassets */; };
		3660B7A02BAB5A3900766221 /* LaunchScreen.storyboard in Resources */ = {isa = PBXBuildFile; fileRef = 3660B79E2BAB5A3900766221 /* LaunchScreen.storyboard */; };
		36EA79F62BBB303C0042E534 /* raceDetailsVC.swift in Sources */ = {isa = PBXBuildFile; fileRef = 36EA79F52BBB303C0042E534 /* raceDetailsVC.swift */; };
		36EA79F82BBB305B0042E534 /* classDetailsVC.swift in Sources */ = {isa = PBXBuildFile; fileRef = 36EA79F72BBB305B0042E534 /* classDetailsVC.swift */; };
		36EA79FA2BBB31080042E534 /* proficienciesVC.swift in Sources */ = {isa = PBXBuildFile; fileRef = 36EA79F92BBB31080042E534 /* proficienciesVC.swift */; };
		36EA79FC2BBB31CE0042E534 /* featsVC.swift in Sources */ = {isa = PBXBuildFile; fileRef = 36EA79FB2BBB31CE0042E534 /* featsVC.swift */; };
		36F3707B2BACA74D002DCC99 /* homeVC.swift in Sources */ = {isa = PBXBuildFile; fileRef = 36F3707A2BACA74D002DCC99 /* homeVC.swift */; };
		36F3707D2BACA7DB002DCC99 /* infoVC.swift in Sources */ = {isa = PBXBuildFile; fileRef = 36F3707C2BACA7DB002DCC99 /* infoVC.swift */; };
		36F3707F2BACA904002DCC99 /* characterVC.swift in Sources */ = {isa = PBXBuildFile; fileRef = 36F3707E2BACA904002DCC99 /* characterVC.swift */; };
		36F370812BACAAA5002DCC99 /* createVC.swift in Sources */ = {isa = PBXBuildFile; fileRef = 36F370802BACAAA5002DCC99 /* createVC.swift */; };
		36F370832BACAAB2002DCC99 /* statVC.swift in Sources */ = {isa = PBXBuildFile; fileRef = 36F370822BACAAB2002DCC99 /* statVC.swift */; };
		36F370852BACAAC0002DCC99 /* viewVC.swift in Sources */ = {isa = PBXBuildFile; fileRef = 36F370842BACAAC0002DCC99 /* viewVC.swift */; };
		36F370872BACAAD8002DCC99 /* raceVC.swift in Sources */ = {isa = PBXBuildFile; fileRef = 36F370862BACAAD8002DCC99 /* raceVC.swift */; };
		36F370892BACAAE6002DCC99 /* classVC.swift in Sources */ = {isa = PBXBuildFile; fileRef = 36F370882BACAAE6002DCC99 /* classVC.swift */; };
		36F3708B2BACAB03002DCC99 /* spellsVC.swift in Sources */ = {isa = PBXBuildFile; fileRef = 36F3708A2BACAB03002DCC99 /* spellsVC.swift */; };
		36F3708D2BACABCD002DCC99 /* itemsVC.swift in Sources */ = {isa = PBXBuildFile; fileRef = 36F3708C2BACABCD002DCC99 /* itemsVC.swift */; };
/* End PBXBuildFile section */

/* Begin PBXFileReference section */
		3660B78D2BAB5A3700766221 /* DNDCC.app */ = {isa = PBXFileReference; explicitFileType = wrapper.application; includeInIndex = 0; path = DNDCC.app; sourceTree = BUILT_PRODUCTS_DIR; };
		3660B7902BAB5A3700766221 /* AppDelegate.swift */ = {isa = PBXFileReference; lastKnownFileType = sourcecode.swift; path = AppDelegate.swift; sourceTree = "<group>"; };
		3660B7922BAB5A3700766221 /* SceneDelegate.swift */ = {isa = PBXFileReference; lastKnownFileType = sourcecode.swift; path = SceneDelegate.swift; sourceTree = "<group>"; };
		3660B7972BAB5A3700766221 /* Base */ = {isa = PBXFileReference; lastKnownFileType = file.storyboard; name = Base; path = Base.lproj/Main.storyboard; sourceTree = "<group>"; };
		3660B79A2BAB5A3700766221 /* DNDCC.xcdatamodel */ = {isa = PBXFileReference; lastKnownFileType = wrapper.xcdatamodel; path = DNDCC.xcdatamodel; sourceTree = "<group>"; };
		3660B79C2BAB5A3900766221 /* Assets.xcassets */ = {isa = PBXFileReference; lastKnownFileType = folder.assetcatalog; path = Assets.xcassets; sourceTree = "<group>"; };
		3660B79F2BAB5A3900766221 /* Base */ = {isa = PBXFileReference; lastKnownFileType = file.storyboard; name = Base; path = Base.lproj/LaunchScreen.storyboard; sourceTree = "<group>"; };
		3660B7A12BAB5A3900766221 /* Info.plist */ = {isa = PBXFileReference; lastKnownFileType = text.plist.xml; path = Info.plist; sourceTree = "<group>"; };
		36EA79F52BBB303C0042E534 /* raceDetailsVC.swift */ = {isa = PBXFileReference; lastKnownFileType = sourcecode.swift; path = raceDetailsVC.swift; sourceTree = "<group>"; };
		36EA79F72BBB305B0042E534 /* classDetailsVC.swift */ = {isa = PBXFileReference; lastKnownFileType = sourcecode.swift; path = classDetailsVC.swift; sourceTree = "<group>"; };
		36EA79F92BBB31080042E534 /* proficienciesVC.swift */ = {isa = PBXFileReference; lastKnownFileType = sourcecode.swift; path = proficienciesVC.swift; sourceTree = "<group>"; };
		36EA79FB2BBB31CE0042E534 /* featsVC.swift */ = {isa = PBXFileReference; lastKnownFileType = sourcecode.swift; path = featsVC.swift; sourceTree = "<group>"; };
		36F3707A2BACA74D002DCC99 /* homeVC.swift */ = {isa = PBXFileReference; lastKnownFileType = sourcecode.swift; path = homeVC.swift; sourceTree = "<group>"; };
		36F3707C2BACA7DB002DCC99 /* infoVC.swift */ = {isa = PBXFileReference; lastKnownFileType = sourcecode.swift; path = infoVC.swift; sourceTree = "<group>"; };
		36F3707E2BACA904002DCC99 /* characterVC.swift */ = {isa = PBXFileReference; lastKnownFileType = sourcecode.swift; path = characterVC.swift; sourceTree = "<group>"; };
		36F370802BACAAA5002DCC99 /* createVC.swift */ = {isa = PBXFileReference; lastKnownFileType = sourcecode.swift; path = createVC.swift; sourceTree = "<group>"; };
		36F370822BACAAB2002DCC99 /* statVC.swift */ = {isa = PBXFileReference; lastKnownFileType = sourcecode.swift; path = statVC.swift; sourceTree = "<group>"; };
		36F370842BACAAC0002DCC99 /* viewVC.swift */ = {isa = PBXFileReference; lastKnownFileType = sourcecode.swift; path = viewVC.swift; sourceTree = "<group>"; };
		36F370862BACAAD8002DCC99 /* raceVC.swift */ = {isa = PBXFileReference; lastKnownFileType = sourcecode.swift; path = raceVC.swift; sourceTree = "<group>"; };
		36F370882BACAAE6002DCC99 /* classVC.swift */ = {isa = PBXFileReference; lastKnownFileType = sourcecode.swift; path = classVC.swift; sourceTree = "<group>"; };
		36F3708A2BACAB03002DCC99 /* spellsVC.swift */ = {isa = PBXFileReference; lastKnownFileType = sourcecode.swift; path = spellsVC.swift; sourceTree = "<group>"; };
		36F3708C2BACABCD002DCC99 /* itemsVC.swift */ = {isa = PBXFileReference; lastKnownFileType = sourcecode.swift; path = itemsVC.swift; sourceTree = "<group>"; };
/* End PBXFileReference section */

/* Begin PBXFrameworksBuildPhase section */
		3660B78A2BAB5A3700766221 /* Frameworks */ = {
			isa = PBXFrameworksBuildPhase;
			buildActionMask = 2147483647;
			files = (
			);
			runOnlyForDeploymentPostprocessing = 0;
		};
/* End PBXFrameworksBuildPhase section */

/* Begin PBXGroup section */
		3660B7842BAB5A3700766221 = {
			isa = PBXGroup;
			children = (
				3660B78F2BAB5A3700766221 /* DNDCC */,
				3660B78E2BAB5A3700766221 /* Products */,
			);
			sourceTree = "<group>";
		};
		3660B78E2BAB5A3700766221 /* Products */ = {
			isa = PBXGroup;
			children = (
				3660B78D2BAB5A3700766221 /* DNDCC.app */,
			);
			name = Products;
			sourceTree = "<group>";
		};
		3660B78F2BAB5A3700766221 /* DNDCC */ = {
			isa = PBXGroup;
			children = (
				3660B7902BAB5A3700766221 /* AppDelegate.swift */,
				3660B7922BAB5A3700766221 /* SceneDelegate.swift */,
				3660B7962BAB5A3700766221 /* Main.storyboard */,
				3660B79C2BAB5A3900766221 /* Assets.xcassets */,
				3660B79E2BAB5A3900766221 /* LaunchScreen.storyboard */,
				3660B7A12BAB5A3900766221 /* Info.plist */,
				3660B7992BAB5A3700766221 /* DNDCC.xcdatamodeld */,
				36F3707A2BACA74D002DCC99 /* homeVC.swift */,
				36F3707C2BACA7DB002DCC99 /* infoVC.swift */,
				36F370862BACAAD8002DCC99 /* raceVC.swift */,
				36EA79F52BBB303C0042E534 /* raceDetailsVC.swift */,
				36F370882BACAAE6002DCC99 /* classVC.swift */,
				36EA79F72BBB305B0042E534 /* classDetailsVC.swift */,
				36EA79F92BBB31080042E534 /* proficienciesVC.swift */,
				36F3708A2BACAB03002DCC99 /* spellsVC.swift */,
				36F3708C2BACABCD002DCC99 /* itemsVC.swift */,
				36EA79FB2BBB31CE0042E534 /* featsVC.swift */,
				36F3707E2BACA904002DCC99 /* characterVC.swift */,
				36F370802BACAAA5002DCC99 /* createVC.swift */,
				36F370822BACAAB2002DCC99 /* statVC.swift */,
				36F370842BACAAC0002DCC99 /* viewVC.swift */,
			);
			path = DNDCC;
			sourceTree = "<group>";
		};
/* End PBXGroup section */

/* Begin PBXNativeTarget section */
		3660B78C2BAB5A3700766221 /* DNDCC */ = {
			isa = PBXNativeTarget;
			buildConfigurationList = 3660B7A42BAB5A3900766221 /* Build configuration list for PBXNativeTarget "DNDCC" */;
			buildPhases = (
				3660B7892BAB5A3700766221 /* Sources */,
				3660B78A2BAB5A3700766221 /* Frameworks */,
				3660B78B2BAB5A3700766221 /* Resources */,
			);
			buildRules = (
			);
			dependencies = (
			);
			name = DNDCC;
			productName = DNDCC;
			productReference = 3660B78D2BAB5A3700766221 /* DNDCC.app */;
			productType = "com.apple.product-type.application";
		};
/* End PBXNativeTarget section */

/* Begin PBXProject section */
		3660B7852BAB5A3700766221 /* Project object */ = {
			isa = PBXProject;
			attributes = {
				BuildIndependentTargetsInParallel = 1;
				LastSwiftUpdateCheck = 1430;
				LastUpgradeCheck = 1430;
				TargetAttributes = {
					3660B78C2BAB5A3700766221 = {
						CreatedOnToolsVersion = 14.3.1;
					};
				};
			};
			buildConfigurationList = 3660B7882BAB5A3700766221 /* Build configuration list for PBXProject "DNDCC" */;
			compatibilityVersion = "Xcode 14.0";
			developmentRegion = en;
			hasScannedForEncodings = 0;
			knownRegions = (
				en,
				Base,
			);
			mainGroup = 3660B7842BAB5A3700766221;
			productRefGroup = 3660B78E2BAB5A3700766221 /* Products */;
			projectDirPath = "";
			projectRoot = "";
			targets = (
				3660B78C2BAB5A3700766221 /* DNDCC */,
			);
		};
/* End PBXProject section */

/* Begin PBXResourcesBuildPhase section */
		3660B78B2BAB5A3700766221 /* Resources */ = {
			isa = PBXResourcesBuildPhase;
			buildActionMask = 2147483647;
			files = (
				3660B7A02BAB5A3900766221 /* LaunchScreen.storyboard in Resources */,
				3660B79D2BAB5A3900766221 /* Assets.xcassets in Resources */,
				3660B7982BAB5A3700766221 /* Main.storyboard in Resources */,
			);
			runOnlyForDeploymentPostprocessing = 0;
		};
/* End PBXResourcesBuildPhase section */

/* Begin PBXSourcesBuildPhase section */
		3660B7892BAB5A3700766221 /* Sources */ = {
			isa = PBXSourcesBuildPhase;
			buildActionMask = 2147483647;
			files = (
				3660B7912BAB5A3700766221 /* AppDelegate.swift in Sources */,
				36F3708B2BACAB03002DCC99 /* spellsVC.swift in Sources */,
				36F3707B2BACA74D002DCC99 /* homeVC.swift in Sources */,
				36F3707F2BACA904002DCC99 /* characterVC.swift in Sources */,
				3660B79B2BAB5A3700766221 /* DNDCC.xcdatamodeld in Sources */,
				36F370832BACAAB2002DCC99 /* statVC.swift in Sources */,
				36F370872BACAAD8002DCC99 /* raceVC.swift in Sources */,
				36F370852BACAAC0002DCC99 /* viewVC.swift in Sources */,
				36EA79F62BBB303C0042E534 /* raceDetailsVC.swift in Sources */,
				36EA79FC2BBB31CE0042E534 /* featsVC.swift in Sources */,
				36F370812BACAAA5002DCC99 /* createVC.swift in Sources */,
				36F3708D2BACABCD002DCC99 /* itemsVC.swift in Sources */,
				3660B7932BAB5A3700766221 /* SceneDelegate.swift in Sources */,
				36EA79FA2BBB31080042E534 /* proficienciesVC.swift in Sources */,
				36EA79F82BBB305B0042E534 /* classDetailsVC.swift in Sources */,
				36F370892BACAAE6002DCC99 /* classVC.swift in Sources */,
				36F3707D2BACA7DB002DCC99 /* infoVC.swift in Sources */,
			);
			runOnlyForDeploymentPostprocessing = 0;
		};
/* End PBXSourcesBuildPhase section */

/* Begin PBXVariantGroup section */
		3660B7962BAB5A3700766221 /* Main.storyboard */ = {
			isa = PBXVariantGroup;
			children = (
				3660B7972BAB5A3700766221 /* Base */,
			);
			name = Main.storyboard;
			sourceTree = "<group>";
		};
		3660B79E2BAB5A3900766221 /* LaunchScreen.storyboard */ = {
			isa = PBXVariantGroup;
			children = (
				3660B79F2BAB5A3900766221 /* Base */,
			);
			name = LaunchScreen.storyboard;
			sourceTree = "<group>";
		};
/* End PBXVariantGroup section */

/* Begin XCBuildConfiguration section */
		3660B7A22BAB5A3900766221 /* Debug */ = {
			isa = XCBuildConfiguration;
			buildSettings = {
				ALWAYS_SEARCH_USER_PATHS = NO;
				CLANG_ANALYZER_NONNULL = YES;
				CLANG_ANALYZER_NUMBER_OBJECT_CONVERSION = YES_AGGRESSIVE;
				CLANG_CXX_LANGUAGE_STANDARD = "gnu++20";
				CLANG_ENABLE_MODULES = YES;
				CLANG_ENABLE_OBJC_ARC = YES;
				CLANG_ENABLE_OBJC_WEAK = YES;
				CLANG_WARN_BLOCK_CAPTURE_AUTORELEASING = YES;
				CLANG_WARN_BOOL_CONVERSION = YES;
				CLANG_WARN_COMMA = YES;
				CLANG_WARN_CONSTANT_CONVERSION = YES;
				CLANG_WARN_DEPRECATED_OBJC_IMPLEMENTATIONS = YES;
				CLANG_WARN_DIRECT_OBJC_ISA_USAGE = YES_ERROR;
				CLANG_WARN_DOCUMENTATION_COMMENTS = YES;
				CLANG_WARN_EMPTY_BODY = YES;
				CLANG_WARN_ENUM_CONVERSION = YES;
				CLANG_WARN_INFINITE_RECURSION = YES;
				CLANG_WARN_INT_CONVERSION = YES;
				CLANG_WARN_NON_LITERAL_NULL_CONVERSION = YES;
				CLANG_WARN_OBJC_IMPLICIT_RETAIN_SELF = YES;
				CLANG_WARN_OBJC_LITERAL_CONVERSION = YES;
				CLANG_WARN_OBJC_ROOT_CLASS = YES_ERROR;
				CLANG_WARN_QUOTED_INCLUDE_IN_FRAMEWORK_HEADER = YES;
				CLANG_WARN_RANGE_LOOP_ANALYSIS = YES;
				CLANG_WARN_STRICT_PROTOTYPES = YES;
				CLANG_WARN_SUSPICIOUS_MOVE = YES;
				CLANG_WARN_UNGUARDED_AVAILABILITY = YES_AGGRESSIVE;
				CLANG_WARN_UNREACHABLE_CODE = YES;
				CLANG_WARN__DUPLICATE_METHOD_MATCH = YES;
				COPY_PHASE_STRIP = NO;
				DEBUG_INFORMATION_FORMAT = dwarf;
				ENABLE_STRICT_OBJC_MSGSEND = YES;
				ENABLE_TESTABILITY = YES;
				GCC_C_LANGUAGE_STANDARD = gnu11;
				GCC_DYNAMIC_NO_PIC = NO;
				GCC_NO_COMMON_BLOCKS = YES;
				GCC_OPTIMIZATION_LEVEL = 0;
				GCC_PREPROCESSOR_DEFINITIONS = (
					"DEBUG=1",
					"$(inherited)",
				);
				GCC_WARN_64_TO_32_BIT_CONVERSION = YES;
				GCC_WARN_ABOUT_RETURN_TYPE = YES_ERROR;
				GCC_WARN_UNDECLARED_SELECTOR = YES;
				GCC_WARN_UNINITIALIZED_AUTOS = YES_AGGRESSIVE;
				GCC_WARN_UNUSED_FUNCTION = YES;
				GCC_WARN_UNUSED_VARIABLE = YES;
				IPHONEOS_DEPLOYMENT_TARGET = 16.4;
				MTL_ENABLE_DEBUG_INFO = INCLUDE_SOURCE;
				MTL_FAST_MATH = YES;
				ONLY_ACTIVE_ARCH = YES;
				SDKROOT = iphoneos;
				SWIFT_ACTIVE_COMPILATION_CONDITIONS = DEBUG;
				SWIFT_OPTIMIZATION_LEVEL = "-Onone";
			};
			name = Debug;
		};
		3660B7A32BAB5A3900766221 /* Release */ = {
			isa = XCBuildConfiguration;
			buildSettings = {
				ALWAYS_SEARCH_USER_PATHS = NO;
				CLANG_ANALYZER_NONNULL = YES;
				CLANG_ANALYZER_NUMBER_OBJECT_CONVERSION = YES_AGGRESSIVE;
				CLANG_CXX_LANGUAGE_STANDARD = "gnu++20";
				CLANG_ENABLE_MODULES = YES;
				CLANG_ENABLE_OBJC_ARC = YES;
				CLANG_ENABLE_OBJC_WEAK = YES;
				CLANG_WARN_BLOCK_CAPTURE_AUTORELEASING = YES;
				CLANG_WARN_BOOL_CONVERSION = YES;
				CLANG_WARN_COMMA = YES;
				CLANG_WARN_CONSTANT_CONVERSION = YES;
				CLANG_WARN_DEPRECATED_OBJC_IMPLEMENTATIONS = YES;
				CLANG_WARN_DIRECT_OBJC_ISA_USAGE = YES_ERROR;
				CLANG_WARN_DOCUMENTATION_COMMENTS = YES;
				CLANG_WARN_EMPTY_BODY = YES;
				CLANG_WARN_ENUM_CONVERSION = YES;
				CLANG_WARN_INFINITE_RECURSION = YES;
				CLANG_WARN_INT_CONVERSION = YES;
				CLANG_WARN_NON_LITERAL_NULL_CONVERSION = YES;
				CLANG_WARN_OBJC_IMPLICIT_RETAIN_SELF = YES;
				CLANG_WARN_OBJC_LITERAL_CONVERSION = YES;
				CLANG_WARN_OBJC_ROOT_CLASS = YES_ERROR;
				CLANG_WARN_QUOTED_INCLUDE_IN_FRAMEWORK_HEADER = YES;
				CLANG_WARN_RANGE_LOOP_ANALYSIS = YES;
				CLANG_WARN_STRICT_PROTOTYPES = YES;
				CLANG_WARN_SUSPICIOUS_MOVE = YES;
				CLANG_WARN_UNGUARDED_AVAILABILITY = YES_AGGRESSIVE;
				CLANG_WARN_UNREACHABLE_CODE = YES;
				CLANG_WARN__DUPLICATE_METHOD_MATCH = YES;
				COPY_PHASE_STRIP = NO;
				DEBUG_INFORMATION_FORMAT = "dwarf-with-dsym";
				ENABLE_NS_ASSERTIONS = NO;
				ENABLE_STRICT_OBJC_MSGSEND = YES;
				GCC_C_LANGUAGE_STANDARD = gnu11;
				GCC_NO_COMMON_BLOCKS = YES;
				GCC_WARN_64_TO_32_BIT_CONVERSION = YES;
				GCC_WARN_ABOUT_RETURN_TYPE = YES_ERROR;
				GCC_WARN_UNDECLARED_SELECTOR = YES;
				GCC_WARN_UNINITIALIZED_AUTOS = YES_AGGRESSIVE;
				GCC_WARN_UNUSED_FUNCTION = YES;
				GCC_WARN_UNUSED_VARIABLE = YES;
				IPHONEOS_DEPLOYMENT_TARGET = 16.4;
				MTL_ENABLE_DEBUG_INFO = NO;
				MTL_FAST_MATH = YES;
				SDKROOT = iphoneos;
				SWIFT_COMPILATION_MODE = wholemodule;
				SWIFT_OPTIMIZATION_LEVEL = "-O";
				VALIDATE_PRODUCT = YES;
			};
			name = Release;
		};
		3660B7A52BAB5A3900766221 /* Debug */ = {
			isa = XCBuildConfiguration;
			buildSettings = {
				ASSETCATALOG_COMPILER_APPICON_NAME = AppIcon;
				ASSETCATALOG_COMPILER_GLOBAL_ACCENT_COLOR_NAME = AccentColor;
				CODE_SIGN_STYLE = Automatic;
				CURRENT_PROJECT_VERSION = 1;
				GENERATE_INFOPLIST_FILE = YES;
				INFOPLIST_FILE = DNDCC/Info.plist;
				INFOPLIST_KEY_UIApplicationSupportsIndirectInputEvents = YES;
				INFOPLIST_KEY_UILaunchStoryboardName = LaunchScreen;
				INFOPLIST_KEY_UIMainStoryboardFile = Main;
				INFOPLIST_KEY_UISupportedInterfaceOrientations = "UIInterfaceOrientationPortrait UIInterfaceOrientationPortraitUpsideDown";
				INFOPLIST_KEY_UISupportedInterfaceOrientations_iPad = UIInterfaceOrientationPortrait;
				LD_RUNPATH_SEARCH_PATHS = (
					"$(inherited)",
					"@executable_path/Frameworks",
				);
				MARKETING_VERSION = 1.0;
				PRODUCT_BUNDLE_IDENTIFIER = com.jonesclass.hyatt.DNDCC;
				PRODUCT_NAME = "$(TARGET_NAME)";
				SWIFT_EMIT_LOC_STRINGS = YES;
				SWIFT_VERSION = 5.0;
				TARGETED_DEVICE_FAMILY = "1,2";
			};
			name = Debug;
		};
		3660B7A62BAB5A3900766221 /* Release */ = {
			isa = XCBuildConfiguration;
			buildSettings = {
				ASSETCATALOG_COMPILER_APPICON_NAME = AppIcon;
				ASSETCATALOG_COMPILER_GLOBAL_ACCENT_COLOR_NAME = AccentColor;
				CODE_SIGN_STYLE = Automatic;
				CURRENT_PROJECT_VERSION = 1;
				GENERATE_INFOPLIST_FILE = YES;
				INFOPLIST_FILE = DNDCC/Info.plist;
				INFOPLIST_KEY_UIApplicationSupportsIndirectInputEvents = YES;
				INFOPLIST_KEY_UILaunchStoryboardName = LaunchScreen;
				INFOPLIST_KEY_UIMainStoryboardFile = Main;
				INFOPLIST_KEY_UISupportedInterfaceOrientations = "UIInterfaceOrientationPortrait UIInterfaceOrientationPortraitUpsideDown";
				INFOPLIST_KEY_UISupportedInterfaceOrientations_iPad = UIInterfaceOrientationPortrait;
				LD_RUNPATH_SEARCH_PATHS = (
					"$(inherited)",
					"@executable_path/Frameworks",
				);
				MARKETING_VERSION = 1.0;
				PRODUCT_BUNDLE_IDENTIFIER = com.jonesclass.hyatt.DNDCC;
				PRODUCT_NAME = "$(TARGET_NAME)";
				SWIFT_EMIT_LOC_STRINGS = YES;
				SWIFT_VERSION = 5.0;
				TARGETED_DEVICE_FAMILY = "1,2";
			};
			name = Release;
		};
/* End XCBuildConfiguration section */

/* Begin XCConfigurationList section */
		3660B7882BAB5A3700766221 /* Build configuration list for PBXProject "DNDCC" */ = {
			isa = XCConfigurationList;
			buildConfigurations = (
				3660B7A22BAB5A3900766221 /* Debug */,
				3660B7A32BAB5A3900766221 /* Release */,
			);
			defaultConfigurationIsVisible = 0;
			defaultConfigurationName = Release;
		};
		3660B7A42BAB5A3900766221 /* Build configuration list for PBXNativeTarget "DNDCC" */ = {
			isa = XCConfigurationList;
			buildConfigurations = (
				3660B7A52BAB5A3900766221 /* Debug */,
				3660B7A62BAB5A3900766221 /* Release */,
			);
			defaultConfigurationIsVisible = 0;
			defaultConfigurationName = Release;
		};
/* End XCConfigurationList section */

/* Begin XCVersionGroup section */
		3660B7992BAB5A3700766221 /* DNDCC.xcdatamodeld */ = {
			isa = XCVersionGroup;
			children = (
				3660B79A2BAB5A3700766221 /* DNDCC.xcdatamodel */,
			);
			currentVersion = 3660B79A2BAB5A3700766221 /* DNDCC.xcdatamodel */;
			path = DNDCC.xcdatamodeld;
			sourceTree = "<group>";
			versionGroupType = wrapper.xcdatamodel;
		};
/* End XCVersionGroup section */
	};
	rootObject = 3660B7852BAB5A3700766221 /* Project object */;
}
